
Microsoft Visual Studio Solution File, Format Version 12.00
# Visual Studio 2015
Project("{FAE04EC0-301F-11D3-BF4B-00C04F79EFBC}") = "LowPolyModel Game.CSharp", "LowPolyModel Game.CSharp.csproj", "{D23E6A4D-8F79-51F1-46F0-1E9C19332D42}"
EndProject
Global
	GlobalSection(SolutionConfigurationPlatforms) = preSolution
		Debug|Any CPU = Debug|Any CPU
		Release|Any CPU = Release|Any CPU
	EndGlobalSection
	GlobalSection(ProjectConfigurationPlatforms) = postSolution
		{D23E6A4D-8F79-51F1-46F0-1E9C19332D42}.Debug|Any CPU.ActiveCfg = Debug|Any CPU
		{D23E6A4D-8F79-51F1-46F0-1E9C19332D42}.Debug|Any CPU.Build.0 = Debug|Any CPU
		{D23E6A4D-8F79-51F1-46F0-1E9C19332D42}.Release|Any CPU.ActiveCfg = Release|Any CPU
		{D23E6A4D-8F79-51F1-46F0-1E9C19332D42}.Release|Any CPU.Build.0 = Release|Any CPU
	EndGlobalSection
	GlobalSection(SolutionProperties) = preSolution
		HideSolutionNode = FALSE
	EndGlobalSection
EndGlobal
